{
  "nodes": {
    "nixpkgs": {
      "locked": {
        "lastModified": 1666253974,
        "narHash": "sha256-zQGTVnEcWPgMokf8b/SQVUIet3fP3i/U1x01kt8biJw=",
        "owner": "nixos",
        "repo": "nixpkgs",
        "rev": "c8fe177e0775ce5324a112a8149e0feec7d5e83f",
        "type": "github"
      },
      "original": {
        "owner": "nixos",
        "ref": "pull/169116/head",
        "repo": "nixpkgs",
        "type": "github"
      }
    },
    "root": {
      "inputs": {
        "nixpkgs": "nixpkgs"
      }
    }
  },
  "root": "root",
  "version": 7
}
